{
    "_readme": [
        "This file locks the dependencies of your project to a known state",
        "Read more about it at https://getcomposer.org/doc/01-basic-usage.md#composer-lock-the-lock-file",
        "This file is @generated automatically"
    ],
    "content-hash": "134c10ce1a943291677931dc3cf4eb56",
    "packages": [
        {
            "name": "mixpanel/mixpanel-php",
            "version": "2.6.2",
            "source": {
                "type": "git",
                "url": "https://github.com/mixpanel/mixpanel-php.git",
                "reference": "7031e213554436793e0927184f41be72dcd63eb6"
            },
            "dist": {
                "type": "zip",
                "url": "https://api.github.com/repos/mixpanel/mixpanel-php/zipball/7031e213554436793e0927184f41be72dcd63eb6",
                "reference": "7031e213554436793e0927184f41be72dcd63eb6",
                "shasum": ""
            },
            "require": {
                "php": ">=5.0"
            },
            "require-dev": {
                "phpdocumentor/phpdocumentor": "2.*",
                "phpunit/phpunit": "3.7.*"
            },
            "type": "library",
            "autoload": {
                "files": [
                    "lib/Mixpanel.php"
                ]
            },
            "notification-url": "https://packagist.org/downloads/",
            "license": [
                "MIT"
            ],
            "authors": [
                {
                    "name": "Mixpanel <dev@mixpanel.com>",
                    "homepage": "https://mixpanel.com/"
                }
            ],
            "description": "The Official PHP library for Mixpanel",
            "homepage": "https://mixpanel.com/help/reference/php",
            "keywords": [
                "mixpanel",
                "mixpanel php"
            ],
            "time": "2014-06-11T19:10:51+00:00"
        },
        {
            "name": "twilio/sdk",
            "version": "5.27.1",
            "source": {
                "type": "git",
                "url": "https://github.com/twilio/twilio-php.git",
                "reference": "3acdaa0f542ff3e9ad988dab85c1f0f9e7621375"
            },
            "dist": {
                "type": "zip",
                "url": "https://api.github.com/repos/twilio/twilio-php/zipball/3acdaa0f542ff3e9ad988dab85c1f0f9e7621375",
                "reference": "3acdaa0f542ff3e9ad988dab85c1f0f9e7621375",
                "shasum": ""
            },
            "require": {
                "php": ">=5.5.0"
            },
            "require-dev": {
                "apigen/apigen": "^4.1",
                "phpunit/phpunit": "4.5.*"
            },
            "type": "library",
            "autoload": {
                "psr-4": {
                    "Twilio\\": "Twilio/"
                }
            },
            "notification-url": "https://packagist.org/downloads/",
            "license": [
                "MIT"
            ],
            "authors": [
                {
                    "name": "Twilio API Team",
                    "email": "api@twilio.com"
                }
            ],
            "description": "A PHP wrapper for Twilio's API",
            "homepage": "http://github.com/twilio/twilio-php",
            "keywords": [
                "api",
                "sms",
                "twilio"
            ],
            "time": "2019-01-02T17:00:14+00:00"
        }
    ],
    "packages-dev": [],
    "aliases": [],
    "minimum-stability": "stable",
    "stability-flags": [],
    "prefer-stable": false,
    "prefer-lowest": false,
    "platform": [],
    "platform-dev": []
}
